
Microsoft Visual Studio Solution File, Format Version 12.00
Project("{FAE04EC0-301F-11D3-BF4B-00C04F79EFBC}") = "PigSharing.Server", "PigSharing.Server\PigSharing.Server.csproj", "{95BDC8C7-AA64-48E2-9F0D-2830F3FDC8C4}"
EndProject
Project("{FAE04EC0-301F-11D3-BF4B-00C04F79EFBC}") = "PigSharing.Client", "PigSharing.Client\PigSharing.Client.csproj", "{8151BFD7-A921-4F49-B992-55A0EDE6ADCE}"
EndProject
Global
	GlobalSection(SolutionConfigurationPlatforms) = preSolution
		Debug|Any CPU = Debug|Any CPU
		Release|Any CPU = Release|Any CPU
	EndGlobalSection
	GlobalSection(ProjectConfigurationPlatforms) = postSolution
		{95BDC8C7-AA64-48E2-9F0D-2830F3FDC8C4}.Debug|Any CPU.ActiveCfg = Debug|Any CPU
		{95BDC8C7-AA64-48E2-9F0D-2830F3FDC8C4}.Debug|Any CPU.Build.0 = Debug|Any CPU
		{95BDC8C7-AA64-48E2-9F0D-2830F3FDC8C4}.Release|Any CPU.ActiveCfg = Release|Any CPU
		{95BDC8C7-AA64-48E2-9F0D-2830F3FDC8C4}.Release|Any CPU.Build.0 = Release|Any CPU
		{8151BFD7-A921-4F49-B992-55A0EDE6ADCE}.Debug|Any CPU.ActiveCfg = Debug|Any CPU
		{8151BFD7-A921-4F49-B992-55A0EDE6ADCE}.Debug|Any CPU.Build.0 = Debug|Any CPU
		{8151BFD7-A921-4F49-B992-55A0EDE6ADCE}.Release|Any CPU.ActiveCfg = Release|Any CPU
		{8151BFD7-A921-4F49-B992-55A0EDE6ADCE}.Release|Any CPU.Build.0 = Release|Any CPU
	EndGlobalSection
EndGlobal
